{
  "name": "hal-server",
  "version": "1.0.0",
  "lockfileVersion": 1,
  "requires": true,
  "dependencies": {
    "halberd": {
      "version": "0.2.3",
      "resolved": "https://registry.npmjs.org/halberd/-/halberd-0.2.3.tgz",
      "integrity": "sha512-t3tEwvdIqneCJLTAQAX46rt675lWsOzOpQZw7/nUzSfXSjlEvDX/xFV7IjNS6Vk2X+8A/o6Rz7bEfcjBtyHotQ=="
    }
  }
}
