{
  "name": "hateoas-example",
  "version": "1.0.0",
  "lockfileVersion": 1,
  "requires": true,
  "dependencies": {
    "hal": {
      "version": "1.2.0",
      "resolved": "https://registry.npmjs.org/hal/-/hal-1.2.0.tgz",
      "integrity": "sha512-BoPpqC+Yk/H9cH5wdlLGr34erDonmdZSnqAPS27hOlGYhmONzVRVrB6vnWA9QxCsgITN3GW5LWQRvcJ5dn0tNA=="
    },
    "halberd": {
      "version": "0.2.3",
      "resolved": "https://registry.npmjs.org/halberd/-/halberd-0.2.3.tgz",
      "integrity": "sha512-t3tEwvdIqneCJLTAQAX46rt675lWsOzOpQZw7/nUzSfXSjlEvDX/xFV7IjNS6Vk2X+8A/o6Rz7bEfcjBtyHotQ=="
    }
  }
}
